# This file is automatically @generated by Cargo.
# It is not intended for manual editing.
[[package]]
name = "noirblanc"
version = "0.1.0"
dependencies = [
 "noirblanc_ai",
 "noirblanc_core",
]

[[package]]
name = "noirblanc_ai"
version = "0.1.0"

[[package]]
name = "noirblanc_core"
version = "0.1.0"
